
Microsoft Visual Studio Solution File, Format Version 12.00
# Visual Studio 15
VisualStudioVersion = 15.0.26730.12
MinimumVisualStudioVersion = 10.0.40219.1
Project("{FAE04EC0-301F-11D3-BF4B-00C04F79EFBC}") = "Db.Linq2dbImplementation", "Db.Linq2dbImplementation\Db.Linq2dbImplementation.csproj", "{9AC60758-048D-4A39-A063-9C1B6778EE3D}"
EndProject
Project("{FAE04EC0-301F-11D3-BF4B-00C04F79EFBC}") = "Model.Interfaces", "Model.Interfaces\Model.Interfaces.csproj", "{FF49BA56-FFA7-41C5-8979-DBE474E9CCB9}"
EndProject
Project("{FAE04EC0-301F-11D3-BF4B-00C04F79EFBC}") = "Db.Creator", "Db.Creator\Db.Creator.csproj", "{5C4890A9-B46F-4B8E-9910-369A87DA5D81}"
EndProject
Global
	GlobalSection(SolutionConfigurationPlatforms) = preSolution
		Debug|Any CPU = Debug|Any CPU
		Release|Any CPU = Release|Any CPU
	EndGlobalSection
	GlobalSection(ProjectConfigurationPlatforms) = postSolution
		{9AC60758-048D-4A39-A063-9C1B6778EE3D}.Debug|Any CPU.ActiveCfg = Debug|Any CPU
		{9AC60758-048D-4A39-A063-9C1B6778EE3D}.Debug|Any CPU.Build.0 = Debug|Any CPU
		{9AC60758-048D-4A39-A063-9C1B6778EE3D}.Release|Any CPU.ActiveCfg = Release|Any CPU
		{9AC60758-048D-4A39-A063-9C1B6778EE3D}.Release|Any CPU.Build.0 = Release|Any CPU
		{FF49BA56-FFA7-41C5-8979-DBE474E9CCB9}.Debug|Any CPU.ActiveCfg = Debug|Any CPU
		{FF49BA56-FFA7-41C5-8979-DBE474E9CCB9}.Debug|Any CPU.Build.0 = Debug|Any CPU
		{FF49BA56-FFA7-41C5-8979-DBE474E9CCB9}.Release|Any CPU.ActiveCfg = Release|Any CPU
		{FF49BA56-FFA7-41C5-8979-DBE474E9CCB9}.Release|Any CPU.Build.0 = Release|Any CPU
		{5C4890A9-B46F-4B8E-9910-369A87DA5D81}.Debug|Any CPU.ActiveCfg = Debug|Any CPU
		{5C4890A9-B46F-4B8E-9910-369A87DA5D81}.Debug|Any CPU.Build.0 = Debug|Any CPU
		{5C4890A9-B46F-4B8E-9910-369A87DA5D81}.Release|Any CPU.ActiveCfg = Release|Any CPU
		{5C4890A9-B46F-4B8E-9910-369A87DA5D81}.Release|Any CPU.Build.0 = Release|Any CPU
	EndGlobalSection
	GlobalSection(SolutionProperties) = preSolution
		HideSolutionNode = FALSE
	EndGlobalSection
	GlobalSection(ExtensibilityGlobals) = postSolution
		SolutionGuid = {85E50F13-F798-458E-B06E-3607379B6283}
	EndGlobalSection
EndGlobal
